
Microsoft Visual Studio Solution File, Format Version 12.00
# Visual Studio Version 16
VisualStudioVersion = 16.0.29911.84
MinimumVisualStudioVersion = 10.0.40219.1
Project("{FAE04EC0-301F-11D3-BF4B-00C04F79EFBC}") = "RechargeTools", "RechargeTools\RechargeTools.csproj", "{C1CEFD57-E9D1-4728-A096-197A4B39E93A}"
EndProject
Global
	GlobalSection(SolutionConfigurationPlatforms) = preSolution
		Debug|Any CPU = Debug|Any CPU
		Release|Any CPU = Release|Any CPU
	EndGlobalSection
	GlobalSection(ProjectConfigurationPlatforms) = postSolution
		{C1CEFD57-E9D1-4728-A096-197A4B39E93A}.Debug|Any CPU.ActiveCfg = Debug|Any CPU
		{C1CEFD57-E9D1-4728-A096-197A4B39E93A}.Debug|Any CPU.Build.0 = Debug|Any CPU
		{C1CEFD57-E9D1-4728-A096-197A4B39E93A}.Release|Any CPU.ActiveCfg = Release|Any CPU
		{C1CEFD57-E9D1-4728-A096-197A4B39E93A}.Release|Any CPU.Build.0 = Release|Any CPU
	EndGlobalSection
	GlobalSection(SolutionProperties) = preSolution
		HideSolutionNode = FALSE
	EndGlobalSection
	GlobalSection(ExtensibilityGlobals) = postSolution
		SolutionGuid = {290BCA46-52C2-4AA3-915F-3F393DB2CE71}
	EndGlobalSection
EndGlobal
